{
  "name": "getestimatefast-v2",
  "version": "1.0.0",
  "lockfileVersion": 3,
  "requires": true,
  "packages": {
    "": {
      "name": "getestimatefast-v2",
      "version": "1.0.0",
      "dependencies": {
        "zipcodes": "8.0.0"
      }
    },
    "node_modules/zipcodes": {
      "version": "8.0.0",
      "resolved": "https://registry.npmjs.org/zipcodes/-/zipcodes-8.0.0.tgz"
    }
  }
}
